
Microsoft Visual Studio Solution File, Format Version 12.00
# Visual Studio Version 16
VisualStudioVersion = 16.0.29215.179
MinimumVisualStudioVersion = 10.0.40219.1
Project("{FAE04EC0-301F-11D3-BF4B-00C04F79EFBC}") = "ExecutableNuget", "ExecutableNuget\ExecutableNuget.csproj", "{9B2AF766-F165-4556-8205-8F1B01310030}"
EndProject
Global
	GlobalSection(SolutionConfigurationPlatforms) = preSolution
		Debug|Any CPU = Debug|Any CPU
		Release|Any CPU = Release|Any CPU
	EndGlobalSection
	GlobalSection(ProjectConfigurationPlatforms) = postSolution
		{9B2AF766-F165-4556-8205-8F1B01310030}.Debug|Any CPU.ActiveCfg = Debug|Any CPU
		{9B2AF766-F165-4556-8205-8F1B01310030}.Debug|Any CPU.Build.0 = Debug|Any CPU
		{9B2AF766-F165-4556-8205-8F1B01310030}.Release|Any CPU.ActiveCfg = Release|Any CPU
		{9B2AF766-F165-4556-8205-8F1B01310030}.Release|Any CPU.Build.0 = Release|Any CPU
	EndGlobalSection
	GlobalSection(SolutionProperties) = preSolution
		HideSolutionNode = FALSE
	EndGlobalSection
	GlobalSection(ExtensibilityGlobals) = postSolution
		SolutionGuid = {2D6FC1E4-C76B-4F81-9D21-F2B67189AAB6}
	EndGlobalSection
EndGlobal
